{
  "name": "ping-website",
  "lockfileVersion": 2,
  "requires": true,
  "packages": {
    "": {
      "dependencies": {
        "ping.js": "github:alfg/ping.js"
      }
    },
    "node_modules/ping.js": {
      "version": "0.3.0",
      "resolved": "git+ssh://git@github.com/alfg/ping.js.git#8ef582c1010cc39a18a1b02cc77e5e0384198223"
    }
  },
  "dependencies": {
    "ping.js": {
      "version": "git+ssh://git@github.com/alfg/ping.js.git#8ef582c1010cc39a18a1b02cc77e5e0384198223",
      "from": "ping.js@https://github.com/alfg/ping.js/"
    }
  }
}
